{
  "name": "memact-access",
  "version": "0.0.0",
  "lockfileVersion": 3,
  "requires": true,
  "packages": {
    "": {
      "name": "memact-access",
      "version": "0.0.0",
      "license": "BUSL-1.1",
      "dependencies": {
        "memact-context": "file:../Context"
      },
      "engines": {
        "node": ">=24",
        "npm": ">=11"
      }
    },
    "../Context": {
      "name": "memact-context",
      "version": "0.0.0",
      "license": "Apache-2.0",
      "bin": {
        "memact-context": "src/cli.mjs",
        "memact-schema": "src/cli.mjs"
      },
      "engines": {
        "node": ">=24"
      }
    },
    "node_modules/memact-context": {
      "resolved": "../Context",
      "link": true
    }
  }
}
